
Microsoft Visual Studio Solution File, Format Version 12.00
# Visual Studio 15
VisualStudioVersion = 15.0.33026.149
MinimumVisualStudioVersion = 10.0.40219.1
Project("{8BC9CEB8-8B4A-11D0-8D11-00A0C91BC942}") = "strtref", "strtref\strtref.vcxproj", "{635C0863-EAA2-4C4A-88A5-794E1C5025ED}"
EndProject
Global
	GlobalSection(SolutionConfigurationPlatforms) = preSolution
		Debug|x64 = Debug|x64
		Debug|x86 = Debug|x86
		Release|x64 = Release|x64
		Release|x86 = Release|x86
	EndGlobalSection
	GlobalSection(ProjectConfigurationPlatforms) = postSolution
		{635C0863-EAA2-4C4A-88A5-794E1C5025ED}.Debug|x64.ActiveCfg = Debug|x64
		{635C0863-EAA2-4C4A-88A5-794E1C5025ED}.Debug|x64.Build.0 = Debug|x64
		{635C0863-EAA2-4C4A-88A5-794E1C5025ED}.Debug|x86.ActiveCfg = Debug|Win32
		{635C0863-EAA2-4C4A-88A5-794E1C5025ED}.Debug|x86.Build.0 = Debug|Win32
		{635C0863-EAA2-4C4A-88A5-794E1C5025ED}.Release|x64.ActiveCfg = Release|x64
		{635C0863-EAA2-4C4A-88A5-794E1C5025ED}.Release|x64.Build.0 = Release|x64
		{635C0863-EAA2-4C4A-88A5-794E1C5025ED}.Release|x86.ActiveCfg = Release|Win32
		{635C0863-EAA2-4C4A-88A5-794E1C5025ED}.Release|x86.Build.0 = Release|Win32
	EndGlobalSection
	GlobalSection(SolutionProperties) = preSolution
		HideSolutionNode = FALSE
	EndGlobalSection
	GlobalSection(ExtensibilityGlobals) = postSolution
		SolutionGuid = {17301CC8-09B0-4A06-BB2A-9381609B88B4}
	EndGlobalSection
EndGlobal
